
Microsoft Visual Studio Solution File, Format Version 12.00
# Visual Studio Version 17
VisualStudioVersion = 17.5.33516.290
MinimumVisualStudioVersion = 10.0.40219.1
Project("{2150E333-8FDC-42A3-9474-1A3956D46DE8}") = "src", "src", "{8318FFA2-3174-4627-9D8A-0F47A679526B}"
EndProject
Project("{2150E333-8FDC-42A3-9474-1A3956D46DE8}") = "tests", "tests", "{27C53F67-30D7-4F7B-B1B4-BEE29AC30D74}"
EndProject
Project("{2150E333-8FDC-42A3-9474-1A3956D46DE8}") = "Yoda.Cache.API", "Yoda.Cache.API", "{A2137F67-7F8B-4A4E-8516-E5832F38988D}"
EndProject
Project("{2150E333-8FDC-42A3-9474-1A3956D46DE8}") = "Yoda.Cache", "Yoda.Cache", "{69FB013B-F796-472E-9599-2505430A2E50}"
EndProject
Project("{FAE04EC0-301F-11D3-BF4B-00C04F79EFBC}") = "Yoda.Cache.Core", "Yoda.Cache.Core\Yoda.Cache.Core.csproj", "{C8F88063-CEA3-48F6-937B-A9534C80B6C8}"
EndProject
Project("{FAE04EC0-301F-11D3-BF4B-00C04F79EFBC}") = "Yoda.Cache.API", "Yoda.Cache.API\Yoda.Cache.API.csproj", "{73CF77C2-6ACE-4154-97F8-D7FDD4AF48B0}"
EndProject
Project("{2150E333-8FDC-42A3-9474-1A3956D46DE8}") = "Yoda.Cache.Tests", "Yoda.Cache.Tests", "{59BE2987-99FA-4824-8161-BFAB207A1B71}"
EndProject
Project("{2150E333-8FDC-42A3-9474-1A3956D46DE8}") = "Yoda.Cache.API.Tests", "Yoda.Cache.API.Tests", "{929A359C-F47D-47B7-B7C6-A6EBCFD3CAAD}"
EndProject
Project("{FAE04EC0-301F-11D3-BF4B-00C04F79EFBC}") = "Yoda.Cache.Core.Tests", "Yoda.Cache.Core.Tests\Yoda.Cache.Core.Tests.csproj", "{65951C45-903D-4D9E-BCDA-ACD535E09F70}"
EndProject
Project("{FAE04EC0-301F-11D3-BF4B-00C04F79EFBC}") = "Yoda.Cache.API.Tests", "Yoda.Cache.API.Tests\Yoda.Cache.API.Tests.csproj", "{40AA6174-4760-4910-A599-D616021839E2}"
EndProject
Global
	GlobalSection(SolutionConfigurationPlatforms) = preSolution
		Debug|Any CPU = Debug|Any CPU
		Release|Any CPU = Release|Any CPU
	EndGlobalSection
	GlobalSection(ProjectConfigurationPlatforms) = postSolution
		{C8F88063-CEA3-48F6-937B-A9534C80B6C8}.Debug|Any CPU.ActiveCfg = Debug|Any CPU
		{C8F88063-CEA3-48F6-937B-A9534C80B6C8}.Debug|Any CPU.Build.0 = Debug|Any CPU
		{C8F88063-CEA3-48F6-937B-A9534C80B6C8}.Release|Any CPU.ActiveCfg = Release|Any CPU
		{C8F88063-CEA3-48F6-937B-A9534C80B6C8}.Release|Any CPU.Build.0 = Release|Any CPU
		{73CF77C2-6ACE-4154-97F8-D7FDD4AF48B0}.Debug|Any CPU.ActiveCfg = Debug|Any CPU
		{73CF77C2-6ACE-4154-97F8-D7FDD4AF48B0}.Debug|Any CPU.Build.0 = Debug|Any CPU
		{73CF77C2-6ACE-4154-97F8-D7FDD4AF48B0}.Release|Any CPU.ActiveCfg = Release|Any CPU
		{73CF77C2-6ACE-4154-97F8-D7FDD4AF48B0}.Release|Any CPU.Build.0 = Release|Any CPU
		{65951C45-903D-4D9E-BCDA-ACD535E09F70}.Debug|Any CPU.ActiveCfg = Debug|Any CPU
		{65951C45-903D-4D9E-BCDA-ACD535E09F70}.Debug|Any CPU.Build.0 = Debug|Any CPU
		{65951C45-903D-4D9E-BCDA-ACD535E09F70}.Release|Any CPU.ActiveCfg = Release|Any CPU
		{65951C45-903D-4D9E-BCDA-ACD535E09F70}.Release|Any CPU.Build.0 = Release|Any CPU
		{40AA6174-4760-4910-A599-D616021839E2}.Debug|Any CPU.ActiveCfg = Debug|Any CPU
		{40AA6174-4760-4910-A599-D616021839E2}.Debug|Any CPU.Build.0 = Debug|Any CPU
		{40AA6174-4760-4910-A599-D616021839E2}.Release|Any CPU.ActiveCfg = Release|Any CPU
		{40AA6174-4760-4910-A599-D616021839E2}.Release|Any CPU.Build.0 = Release|Any CPU
	EndGlobalSection
	GlobalSection(SolutionProperties) = preSolution
		HideSolutionNode = FALSE
	EndGlobalSection
	GlobalSection(NestedProjects) = preSolution
		{A2137F67-7F8B-4A4E-8516-E5832F38988D} = {8318FFA2-3174-4627-9D8A-0F47A679526B}
		{69FB013B-F796-472E-9599-2505430A2E50} = {8318FFA2-3174-4627-9D8A-0F47A679526B}
		{C8F88063-CEA3-48F6-937B-A9534C80B6C8} = {69FB013B-F796-472E-9599-2505430A2E50}
		{73CF77C2-6ACE-4154-97F8-D7FDD4AF48B0} = {A2137F67-7F8B-4A4E-8516-E5832F38988D}
		{59BE2987-99FA-4824-8161-BFAB207A1B71} = {27C53F67-30D7-4F7B-B1B4-BEE29AC30D74}
		{929A359C-F47D-47B7-B7C6-A6EBCFD3CAAD} = {27C53F67-30D7-4F7B-B1B4-BEE29AC30D74}
		{65951C45-903D-4D9E-BCDA-ACD535E09F70} = {59BE2987-99FA-4824-8161-BFAB207A1B71}
		{40AA6174-4760-4910-A599-D616021839E2} = {929A359C-F47D-47B7-B7C6-A6EBCFD3CAAD}
	EndGlobalSection
	GlobalSection(ExtensibilityGlobals) = postSolution
		SolutionGuid = {56B5F21D-0789-4BE2-B1BF-D1AC8F4FDD94}
	EndGlobalSection
EndGlobal
